
Microsoft Visual Studio Solution File, Format Version 12.00
# Visual Studio Version 16
VisualStudioVersion = 16.0.29613.14
MinimumVisualStudioVersion = 10.0.40219.1
Project("{9A19103F-16F7-4668-BE54-9A1E7A4F7556}") = "Chief", "src\Chief\Chief.csproj", "{FEA057CF-8C65-4ACD-B72A-26655C3800A0}"
EndProject
Project("{9A19103F-16F7-4668-BE54-9A1E7A4F7556}") = "Evaluation", "src\Evaluation\Evaluation.csproj", "{C6CFFADC-9CD3-4473-95D0-2866C20A0A85}"
	ProjectSection(ProjectDependencies) = postProject
		{8E370834-48EB-4BC1-A8F5-7A6E96F5086A} = {8E370834-48EB-4BC1-A8F5-7A6E96F5086A}
	EndProjectSection
EndProject
Project("{9A19103F-16F7-4668-BE54-9A1E7A4F7556}") = "SyntaxAnalysis", "src\SyntaxAnalysis\SyntaxAnalysis.csproj", "{E06731CD-BF83-4EEE-9B33-16D6DA5A9C36}"
	ProjectSection(ProjectDependencies) = postProject
		{8E370834-48EB-4BC1-A8F5-7A6E96F5086A} = {8E370834-48EB-4BC1-A8F5-7A6E96F5086A}
	EndProjectSection
EndProject
Project("{9A19103F-16F7-4668-BE54-9A1E7A4F7556}") = "Chief.Test", "test\Chief.Test\Chief.Test.csproj", "{F2A1431C-5955-4796-A0DC-9E5617B8C7A3}"
	ProjectSection(ProjectDependencies) = postProject
		{FEA057CF-8C65-4ACD-B72A-26655C3800A0} = {FEA057CF-8C65-4ACD-B72A-26655C3800A0}
	EndProjectSection
EndProject
Project("{9A19103F-16F7-4668-BE54-9A1E7A4F7556}") = "Evaluation.Test", "test\Evaluation.Test\Evaluation.Test.csproj", "{22BEA59C-4913-4AD8-A1B2-07026C78E4B7}"
	ProjectSection(ProjectDependencies) = postProject
		{C6CFFADC-9CD3-4473-95D0-2866C20A0A85} = {C6CFFADC-9CD3-4473-95D0-2866C20A0A85}
	EndProjectSection
EndProject
Project("{9A19103F-16F7-4668-BE54-9A1E7A4F7556}") = "SyntaxAnalysis.Test", "test\SyntaxAnalysis.Test\SyntaxAnalysis.Test.csproj", "{F7870153-C76B-4537-9D67-F364D3ED3C7F}"
EndProject
Project("{9A19103F-16F7-4668-BE54-9A1E7A4F7556}") = "Commons", "src\Commons\Commons.csproj", "{8E370834-48EB-4BC1-A8F5-7A6E96F5086A}"
EndProject
Global
	GlobalSection(SolutionConfigurationPlatforms) = preSolution
		Debug|Any CPU = Debug|Any CPU
		Release|Any CPU = Release|Any CPU
	EndGlobalSection
	GlobalSection(ProjectConfigurationPlatforms) = postSolution
		{FEA057CF-8C65-4ACD-B72A-26655C3800A0}.Debug|Any CPU.ActiveCfg = Debug|Any CPU
		{FEA057CF-8C65-4ACD-B72A-26655C3800A0}.Debug|Any CPU.Build.0 = Debug|Any CPU
		{FEA057CF-8C65-4ACD-B72A-26655C3800A0}.Release|Any CPU.ActiveCfg = Release|Any CPU
		{FEA057CF-8C65-4ACD-B72A-26655C3800A0}.Release|Any CPU.Build.0 = Release|Any CPU
		{C6CFFADC-9CD3-4473-95D0-2866C20A0A85}.Debug|Any CPU.ActiveCfg = Debug|Any CPU
		{C6CFFADC-9CD3-4473-95D0-2866C20A0A85}.Debug|Any CPU.Build.0 = Debug|Any CPU
		{C6CFFADC-9CD3-4473-95D0-2866C20A0A85}.Release|Any CPU.ActiveCfg = Release|Any CPU
		{C6CFFADC-9CD3-4473-95D0-2866C20A0A85}.Release|Any CPU.Build.0 = Release|Any CPU
		{E06731CD-BF83-4EEE-9B33-16D6DA5A9C36}.Debug|Any CPU.ActiveCfg = Debug|Any CPU
		{E06731CD-BF83-4EEE-9B33-16D6DA5A9C36}.Debug|Any CPU.Build.0 = Debug|Any CPU
		{E06731CD-BF83-4EEE-9B33-16D6DA5A9C36}.Release|Any CPU.ActiveCfg = Release|Any CPU
		{E06731CD-BF83-4EEE-9B33-16D6DA5A9C36}.Release|Any CPU.Build.0 = Release|Any CPU
		{F2A1431C-5955-4796-A0DC-9E5617B8C7A3}.Debug|Any CPU.ActiveCfg = Debug|Any CPU
		{F2A1431C-5955-4796-A0DC-9E5617B8C7A3}.Debug|Any CPU.Build.0 = Debug|Any CPU
		{F2A1431C-5955-4796-A0DC-9E5617B8C7A3}.Release|Any CPU.ActiveCfg = Release|Any CPU
		{F2A1431C-5955-4796-A0DC-9E5617B8C7A3}.Release|Any CPU.Build.0 = Release|Any CPU
		{22BEA59C-4913-4AD8-A1B2-07026C78E4B7}.Debug|Any CPU.ActiveCfg = Debug|Any CPU
		{22BEA59C-4913-4AD8-A1B2-07026C78E4B7}.Debug|Any CPU.Build.0 = Debug|Any CPU
		{22BEA59C-4913-4AD8-A1B2-07026C78E4B7}.Release|Any CPU.ActiveCfg = Release|Any CPU
		{22BEA59C-4913-4AD8-A1B2-07026C78E4B7}.Release|Any CPU.Build.0 = Release|Any CPU
		{F7870153-C76B-4537-9D67-F364D3ED3C7F}.Debug|Any CPU.ActiveCfg = Debug|Any CPU
		{F7870153-C76B-4537-9D67-F364D3ED3C7F}.Debug|Any CPU.Build.0 = Debug|Any CPU
		{F7870153-C76B-4537-9D67-F364D3ED3C7F}.Release|Any CPU.ActiveCfg = Release|Any CPU
		{F7870153-C76B-4537-9D67-F364D3ED3C7F}.Release|Any CPU.Build.0 = Release|Any CPU
		{8E370834-48EB-4BC1-A8F5-7A6E96F5086A}.Debug|Any CPU.ActiveCfg = Debug|Any CPU
		{8E370834-48EB-4BC1-A8F5-7A6E96F5086A}.Debug|Any CPU.Build.0 = Debug|Any CPU
		{8E370834-48EB-4BC1-A8F5-7A6E96F5086A}.Release|Any CPU.ActiveCfg = Release|Any CPU
		{8E370834-48EB-4BC1-A8F5-7A6E96F5086A}.Release|Any CPU.Build.0 = Release|Any CPU
	EndGlobalSection
	GlobalSection(SolutionProperties) = preSolution
		HideSolutionNode = FALSE
	EndGlobalSection
	GlobalSection(ExtensibilityGlobals) = postSolution
		SolutionGuid = {642F4386-5C87-4CA4-AEA4-06493C03BEAA}
	EndGlobalSection
EndGlobal
